
Microsoft Visual Studio Solution File, Format Version 12.00
# Visual Studio Version 16
VisualStudioVersion = 16.0.29709.97
MinimumVisualStudioVersion = 10.0.40219.1
Project("{FAE04EC0-301F-11D3-BF4B-00C04F79EFBC}") = "HiAll", "HiAll\HiAll.csproj", "{2472F88A-AF84-4019-82A6-25203BC089C3}"
EndProject
Global
	GlobalSection(SolutionConfigurationPlatforms) = preSolution
		Debug|Any CPU = Debug|Any CPU
		Release|Any CPU = Release|Any CPU
	EndGlobalSection
	GlobalSection(ProjectConfigurationPlatforms) = postSolution
		{2472F88A-AF84-4019-82A6-25203BC089C3}.Debug|Any CPU.ActiveCfg = Debug|Any CPU
		{2472F88A-AF84-4019-82A6-25203BC089C3}.Debug|Any CPU.Build.0 = Debug|Any CPU
		{2472F88A-AF84-4019-82A6-25203BC089C3}.Release|Any CPU.ActiveCfg = Release|Any CPU
		{2472F88A-AF84-4019-82A6-25203BC089C3}.Release|Any CPU.Build.0 = Release|Any CPU
	EndGlobalSection
	GlobalSection(SolutionProperties) = preSolution
		HideSolutionNode = FALSE
	EndGlobalSection
	GlobalSection(ExtensibilityGlobals) = postSolution
		SolutionGuid = {EA765671-0B6F-41D9-9F60-33C2D171FDEA}
	EndGlobalSection
EndGlobal
